// !$*UTF8*$!
{
	archiveVersion = 1;
	classes = {
	};
	objectVersion = 56;
	objects = {

/* Begin PBXBuildFile section */
		AC4B42DD2C183AF4005FC370 /* PinLayout in Frameworks */ = {isa = PBXBuildFile; productRef = AC4B42DC2C183AF4005FC370 /* PinLayout */; };
		AC4B42E02C183B05005FC370 /* FlexLayout in Frameworks */ = {isa = PBXBuildFile; productRef = AC4B42DF2C183B05005FC370 /* FlexLayout */; };
		AC4B42E62C183F8F005FC370 /* UILabel++.swift in Sources */ = {isa = PBXBuildFile; fileRef = AC4B42E52C183F8F005FC370 /* UILabel++.swift */; };
		AC4B42F42C18904F005FC370 /* Pretendard-SemiBold.otf in Resources */ = {isa = PBXBuildFile; fileRef = AC4B42EB2C18904E005FC370 /* Pretendard-SemiBold.otf */; };
		AC4B42F52C18904F005FC370 /* Pretendard-Regular.otf in Resources */ = {isa = PBXBuildFile; fileRef = AC4B42EC2C18904E005FC370 /* Pretendard-Regular.otf */; };
		AC4B42F92C18904F005FC370 /* Pretendard-Bold.otf in Resources */ = {isa = PBXBuildFile; fileRef = AC4B42F02C18904F005FC370 /* Pretendard-Bold.otf */; };
		AC4B42FE2C196FF8005FC370 /* SignInViewController.swift in Sources */ = {isa = PBXBuildFile; fileRef = AC4B42FD2C196FF8005FC370 /* SignInViewController.swift */; };
		AC4B43002C197015005FC370 /* SignInView.swift in Sources */ = {isa = PBXBuildFile; fileRef = AC4B42FF2C197015005FC370 /* SignInView.swift */; };
		AC4B43032C19C829005FC370 /* Flex++.swift in Sources */ = {isa = PBXBuildFile; fileRef = AC4B43022C19C829005FC370 /* Flex++.swift */; };
		AC4B43062C1B141F005FC370 /* ViewModelInterface.swift in Sources */ = {isa = PBXBuildFile; fileRef = AC4B43052C1B141F005FC370 /* ViewModelInterface.swift */; };
		AC4B43092C1B147F005FC370 /* RxCocoa in Frameworks */ = {isa = PBXBuildFile; productRef = AC4B43082C1B147F005FC370 /* RxCocoa */; };
		AC4B430B2C1B147F005FC370 /* RxSwift in Frameworks */ = {isa = PBXBuildFile; productRef = AC4B430A2C1B147F005FC370 /* RxSwift */; };
		AC4B430E2C1B14D1005FC370 /* SignInViewModel.swift in Sources */ = {isa = PBXBuildFile; fileRef = AC4B430D2C1B14D1005FC370 /* SignInViewModel.swift */; };
		AC4B43102C1C900D005FC370 /* FontType.swift in Sources */ = {isa = PBXBuildFile; fileRef = AC4B430F2C1C900D005FC370 /* FontType.swift */; };
		AC4B43122C1C9027005FC370 /* FontColor.swift in Sources */ = {isa = PBXBuildFile; fileRef = AC4B43112C1C9027005FC370 /* FontColor.swift */; };
		AC4B43162C1D7036005FC370 /* TermsView.swift in Sources */ = {isa = PBXBuildFile; fileRef = AC4B43152C1D7036005FC370 /* TermsView.swift */; };
		AC4B43182C1D7041005FC370 /* TermsViewController.swift in Sources */ = {isa = PBXBuildFile; fileRef = AC4B43172C1D7041005FC370 /* TermsViewController.swift */; };
		AC4B431A2C1EB6E6005FC370 /* FontManager.swift in Sources */ = {isa = PBXBuildFile; fileRef = AC4B43192C1EB6E6005FC370 /* FontManager.swift */; };
		AC4B431C2C1EBAC2005FC370 /* UIButton++.swift in Sources */ = {isa = PBXBuildFile; fileRef = AC4B431B2C1EBAC2005FC370 /* UIButton++.swift */; };
		AC4B431F2C1EE024005FC370 /* SignUpViewController.swift in Sources */ = {isa = PBXBuildFile; fileRef = AC4B431E2C1EE024005FC370 /* SignUpViewController.swift */; };
		AC4B43212C1EE02C005FC370 /* SignUpView.swift in Sources */ = {isa = PBXBuildFile; fileRef = AC4B43202C1EE02C005FC370 /* SignUpView.swift */; };
		AC4B43242C206839005FC370 /* LocationKR.swift in Sources */ = {isa = PBXBuildFile; fileRef = AC4B43232C206839005FC370 /* LocationKR.swift */; };
		AC4B43272C2072E2005FC370 /* DropdownView.swift in Sources */ = {isa = PBXBuildFile; fileRef = AC4B43262C2072E2005FC370 /* DropdownView.swift */; };
		AC5A7BF22BF0FDB500A13991 /* AppDelegate.swift in Sources */ = {isa = PBXBuildFile; fileRef = AC5A7BF12BF0FDB500A13991 /* AppDelegate.swift */; };
		AC5A7BF42BF0FDB500A13991 /* SceneDelegate.swift in Sources */ = {isa = PBXBuildFile; fileRef = AC5A7BF32BF0FDB500A13991 /* SceneDelegate.swift */; };
		AC5A7BFB2BF0FDB600A13991 /* Assets.xcassets in Resources */ = {isa = PBXBuildFile; fileRef = AC5A7BFA2BF0FDB600A13991 /* Assets.xcassets */; };
		AC5A7BFE2BF0FDB600A13991 /* Base in Resources */ = {isa = PBXBuildFile; fileRef = AC5A7BFD2BF0FDB600A13991 /* Base */; };
		AC5A7C092BF0FDB700A13991 /* YouthTalkTalkTests.swift in Sources */ = {isa = PBXBuildFile; fileRef = AC5A7C082BF0FDB700A13991 /* YouthTalkTalkTests.swift */; };
		AC5A7C132BF0FDB700A13991 /* YouthTalkTalkUITests.swift in Sources */ = {isa = PBXBuildFile; fileRef = AC5A7C122BF0FDB700A13991 /* YouthTalkTalkUITests.swift */; };
		AC5A7C152BF0FDB700A13991 /* YouthTalkTalkUITestsLaunchTests.swift in Sources */ = {isa = PBXBuildFile; fileRef = AC5A7C142BF0FDB700A13991 /* YouthTalkTalkUITestsLaunchTests.swift */; };
		AC5A7C252BF102D600A13991 /* BaseViewController.swift in Sources */ = {isa = PBXBuildFile; fileRef = AC5A7C242BF102D600A13991 /* BaseViewController.swift */; };
		AC5A7C272BF102E900A13991 /* BaseView.swift in Sources */ = {isa = PBXBuildFile; fileRef = AC5A7C262BF102E900A13991 /* BaseView.swift */; };
		AC5A7C2A2BF108AF00A13991 /* Coordinator.swift in Sources */ = {isa = PBXBuildFile; fileRef = AC5A7C292BF108AF00A13991 /* Coordinator.swift */; };
		AC5A7C2C2BF1093B00A13991 /* CoordinatorType.swift in Sources */ = {isa = PBXBuildFile; fileRef = AC5A7C2B2BF1093B00A13991 /* CoordinatorType.swift */; };
		AC5A7C2E2BF10BEE00A13991 /* AppCoordinator.swift in Sources */ = {isa = PBXBuildFile; fileRef = AC5A7C2D2BF10BEE00A13991 /* AppCoordinator.swift */; };
		ACF2A25E2C21533B00FE8D63 /* UITextField++.swift in Sources */ = {isa = PBXBuildFile; fileRef = ACF2A25D2C21533B00FE8D63 /* UITextField++.swift */; };
/* End PBXBuildFile section */

/* Begin PBXContainerItemProxy section */
		AC5A7C052BF0FDB700A13991 /* PBXContainerItemProxy */ = {
			isa = PBXContainerItemProxy;
			containerPortal = AC5A7BE62BF0FDB500A13991 /* Project object */;
			proxyType = 1;
			remoteGlobalIDString = AC5A7BED2BF0FDB500A13991;
			remoteInfo = YouthTalkTalk;
		};
		AC5A7C0F2BF0FDB700A13991 /* PBXContainerItemProxy */ = {
			isa = PBXContainerItemProxy;
			containerPortal = AC5A7BE62BF0FDB500A13991 /* Project object */;
			proxyType = 1;
			remoteGlobalIDString = AC5A7BED2BF0FDB500A13991;
			remoteInfo = YouthTalkTalk;
		};
/* End PBXContainerItemProxy section */

/* Begin PBXFileReference section */
		AC4B42E52C183F8F005FC370 /* UILabel++.swift */ = {isa = PBXFileReference; lastKnownFileType = sourcecode.swift; path = "UILabel++.swift"; sourceTree = "<group>"; };
		AC4B42EB2C18904E005FC370 /* Pretendard-SemiBold.otf */ = {isa = PBXFileReference; lastKnownFileType = file; path = "Pretendard-SemiBold.otf"; sourceTree = "<group>"; };
		AC4B42EC2C18904E005FC370 /* Pretendard-Regular.otf */ = {isa = PBXFileReference; lastKnownFileType = file; path = "Pretendard-Regular.otf"; sourceTree = "<group>"; };
		AC4B42F02C18904F005FC370 /* Pretendard-Bold.otf */ = {isa = PBXFileReference; lastKnownFileType = file; path = "Pretendard-Bold.otf"; sourceTree = "<group>"; };
		AC4B42FD2C196FF8005FC370 /* SignInViewController.swift */ = {isa = PBXFileReference; lastKnownFileType = sourcecode.swift; path = SignInViewController.swift; sourceTree = "<group>"; };
		AC4B42FF2C197015005FC370 /* SignInView.swift */ = {isa = PBXFileReference; lastKnownFileType = sourcecode.swift; path = SignInView.swift; sourceTree = "<group>"; };
		AC4B43012C1998DF005FC370 /* YouthTalkTalk.entitlements */ = {isa = PBXFileReference; lastKnownFileType = text.plist.entitlements; path = YouthTalkTalk.entitlements; sourceTree = "<group>"; };
		AC4B43022C19C829005FC370 /* Flex++.swift */ = {isa = PBXFileReference; lastKnownFileType = sourcecode.swift; path = "Flex++.swift"; sourceTree = "<group>"; };
		AC4B43052C1B141F005FC370 /* ViewModelInterface.swift */ = {isa = PBXFileReference; lastKnownFileType = sourcecode.swift; path = ViewModelInterface.swift; sourceTree = "<group>"; };
		AC4B430D2C1B14D1005FC370 /* SignInViewModel.swift */ = {isa = PBXFileReference; lastKnownFileType = sourcecode.swift; path = SignInViewModel.swift; sourceTree = "<group>"; };
		AC4B430F2C1C900D005FC370 /* FontType.swift */ = {isa = PBXFileReference; lastKnownFileType = sourcecode.swift; path = FontType.swift; sourceTree = "<group>"; };
		AC4B43112C1C9027005FC370 /* FontColor.swift */ = {isa = PBXFileReference; lastKnownFileType = sourcecode.swift; path = FontColor.swift; sourceTree = "<group>"; };
		AC4B43152C1D7036005FC370 /* TermsView.swift */ = {isa = PBXFileReference; lastKnownFileType = sourcecode.swift; path = TermsView.swift; sourceTree = "<group>"; };
		AC4B43172C1D7041005FC370 /* TermsViewController.swift */ = {isa = PBXFileReference; lastKnownFileType = sourcecode.swift; path = TermsViewController.swift; sourceTree = "<group>"; };
		AC4B43192C1EB6E6005FC370 /* FontManager.swift */ = {isa = PBXFileReference; lastKnownFileType = sourcecode.swift; path = FontManager.swift; sourceTree = "<group>"; };
		AC4B431B2C1EBAC2005FC370 /* UIButton++.swift */ = {isa = PBXFileReference; lastKnownFileType = sourcecode.swift; path = "UIButton++.swift"; sourceTree = "<group>"; };
		AC4B431E2C1EE024005FC370 /* SignUpViewController.swift */ = {isa = PBXFileReference; lastKnownFileType = sourcecode.swift; path = SignUpViewController.swift; sourceTree = "<group>"; };
		AC4B43202C1EE02C005FC370 /* SignUpView.swift */ = {isa = PBXFileReference; lastKnownFileType = sourcecode.swift; path = SignUpView.swift; sourceTree = "<group>"; };
		AC4B43232C206839005FC370 /* LocationKR.swift */ = {isa = PBXFileReference; lastKnownFileType = sourcecode.swift; path = LocationKR.swift; sourceTree = "<group>"; };
		AC4B43262C2072E2005FC370 /* DropdownView.swift */ = {isa = PBXFileReference; lastKnownFileType = sourcecode.swift; path = DropdownView.swift; sourceTree = "<group>"; };
		AC5A7BEE2BF0FDB500A13991 /* YouthTalkTalk.app */ = {isa = PBXFileReference; explicitFileType = wrapper.application; includeInIndex = 0; path = YouthTalkTalk.app; sourceTree = BUILT_PRODUCTS_DIR; };
		AC5A7BF12BF0FDB500A13991 /* AppDelegate.swift */ = {isa = PBXFileReference; lastKnownFileType = sourcecode.swift; path = AppDelegate.swift; sourceTree = "<group>"; };
		AC5A7BF32BF0FDB500A13991 /* SceneDelegate.swift */ = {isa = PBXFileReference; lastKnownFileType = sourcecode.swift; path = SceneDelegate.swift; sourceTree = "<group>"; };
		AC5A7BFA2BF0FDB600A13991 /* Assets.xcassets */ = {isa = PBXFileReference; lastKnownFileType = folder.assetcatalog; path = Assets.xcassets; sourceTree = "<group>"; };
		AC5A7BFD2BF0FDB600A13991 /* Base */ = {isa = PBXFileReference; lastKnownFileType = file.storyboard; name = Base; path = Base.lproj/LaunchScreen.storyboard; sourceTree = "<group>"; };
		AC5A7BFF2BF0FDB600A13991 /* Info.plist */ = {isa = PBXFileReference; lastKnownFileType = text.plist.xml; path = Info.plist; sourceTree = "<group>"; };
		AC5A7C042BF0FDB700A13991 /* YouthTalkTalkTests.xctest */ = {isa = PBXFileReference; explicitFileType = wrapper.cfbundle; includeInIndex = 0; path = YouthTalkTalkTests.xctest; sourceTree = BUILT_PRODUCTS_DIR; };
		AC5A7C082BF0FDB700A13991 /* YouthTalkTalkTests.swift */ = {isa = PBXFileReference; lastKnownFileType = sourcecode.swift; path = YouthTalkTalkTests.swift; sourceTree = "<group>"; };
		AC5A7C0E2BF0FDB700A13991 /* YouthTalkTalkUITests.xctest */ = {isa = PBXFileReference; explicitFileType = wrapper.cfbundle; includeInIndex = 0; path = YouthTalkTalkUITests.xctest; sourceTree = BUILT_PRODUCTS_DIR; };
		AC5A7C122BF0FDB700A13991 /* YouthTalkTalkUITests.swift */ = {isa = PBXFileReference; lastKnownFileType = sourcecode.swift; path = YouthTalkTalkUITests.swift; sourceTree = "<group>"; };
		AC5A7C142BF0FDB700A13991 /* YouthTalkTalkUITestsLaunchTests.swift */ = {isa = PBXFileReference; lastKnownFileType = sourcecode.swift; path = YouthTalkTalkUITestsLaunchTests.swift; sourceTree = "<group>"; };
		AC5A7C242BF102D600A13991 /* BaseViewController.swift */ = {isa = PBXFileReference; lastKnownFileType = sourcecode.swift; path = BaseViewController.swift; sourceTree = "<group>"; };
		AC5A7C262BF102E900A13991 /* BaseView.swift */ = {isa = PBXFileReference; lastKnownFileType = sourcecode.swift; path = BaseView.swift; sourceTree = "<group>"; };
		AC5A7C292BF108AF00A13991 /* Coordinator.swift */ = {isa = PBXFileReference; lastKnownFileType = sourcecode.swift; path = Coordinator.swift; sourceTree = "<group>"; };
		AC5A7C2B2BF1093B00A13991 /* CoordinatorType.swift */ = {isa = PBXFileReference; lastKnownFileType = sourcecode.swift; path = CoordinatorType.swift; sourceTree = "<group>"; };
		AC5A7C2D2BF10BEE00A13991 /* AppCoordinator.swift */ = {isa = PBXFileReference; lastKnownFileType = sourcecode.swift; path = AppCoordinator.swift; sourceTree = "<group>"; };
		ACF2A25D2C21533B00FE8D63 /* UITextField++.swift */ = {isa = PBXFileReference; lastKnownFileType = sourcecode.swift; path = "UITextField++.swift"; sourceTree = "<group>"; };
/* End PBXFileReference section */

/* Begin PBXFrameworksBuildPhase section */
		AC5A7BEB2BF0FDB500A13991 /* Frameworks */ = {
			isa = PBXFrameworksBuildPhase;
			buildActionMask = 2147483647;
			files = (
				AC4B43092C1B147F005FC370 /* RxCocoa in Frameworks */,
				AC4B42DD2C183AF4005FC370 /* PinLayout in Frameworks */,
				AC4B430B2C1B147F005FC370 /* RxSwift in Frameworks */,
				AC4B42E02C183B05005FC370 /* FlexLayout in Frameworks */,
			);
			runOnlyForDeploymentPostprocessing = 0;
		};
		AC5A7C012BF0FDB700A13991 /* Frameworks */ = {
			isa = PBXFrameworksBuildPhase;
			buildActionMask = 2147483647;
			files = (
			);
			runOnlyForDeploymentPostprocessing = 0;
		};
		AC5A7C0B2BF0FDB700A13991 /* Frameworks */ = {
			isa = PBXFrameworksBuildPhase;
			buildActionMask = 2147483647;
			files = (
			);
			runOnlyForDeploymentPostprocessing = 0;
		};
/* End PBXFrameworksBuildPhase section */

/* Begin PBXGroup section */
		AC4B42E12C183B1F005FC370 /* Util */ = {
			isa = PBXGroup;
			children = (
				AC4B43192C1EB6E6005FC370 /* FontManager.swift */,
			);
			path = Util;
			sourceTree = "<group>";
		};
		AC4B42E42C183F81005FC370 /* Extension */ = {
			isa = PBXGroup;
			children = (
				AC4B42E52C183F8F005FC370 /* UILabel++.swift */,
				AC4B431B2C1EBAC2005FC370 /* UIButton++.swift */,
				AC4B43022C19C829005FC370 /* Flex++.swift */,
				ACF2A25D2C21533B00FE8D63 /* UITextField++.swift */,
			);
			path = Extension;
			sourceTree = "<group>";
		};
		AC4B42E92C189038005FC370 /* Font */ = {
			isa = PBXGroup;
			children = (
				AC4B42F02C18904F005FC370 /* Pretendard-Bold.otf */,
				AC4B42EC2C18904E005FC370 /* Pretendard-Regular.otf */,
				AC4B42EB2C18904E005FC370 /* Pretendard-SemiBold.otf */,
				AC4B430F2C1C900D005FC370 /* FontType.swift */,
				AC4B43112C1C9027005FC370 /* FontColor.swift */,
			);
			path = Font;
			sourceTree = "<group>";
		};
		AC4B42FC2C196FEB005FC370 /* SignIn */ = {
			isa = PBXGroup;
			children = (
				AC4B42FD2C196FF8005FC370 /* SignInViewController.swift */,
				AC4B42FF2C197015005FC370 /* SignInView.swift */,
			);
			path = SignIn;
			sourceTree = "<group>";
		};
		AC4B43042C1B125C005FC370 /* Interface */ = {
			isa = PBXGroup;
			children = (
				AC4B43052C1B141F005FC370 /* ViewModelInterface.swift */,
			);
			path = Interface;
			sourceTree = "<group>";
		};
		AC4B430C2C1B14AE005FC370 /* ViewModel */ = {
			isa = PBXGroup;
			children = (
				AC4B430D2C1B14D1005FC370 /* SignInViewModel.swift */,
			);
			path = ViewModel;
			sourceTree = "<group>";
		};
		AC4B43142C1D702B005FC370 /* Terms */ = {
			isa = PBXGroup;
			children = (
				AC4B43172C1D7041005FC370 /* TermsViewController.swift */,
				AC4B43152C1D7036005FC370 /* TermsView.swift */,
			);
			path = Terms;
			sourceTree = "<group>";
		};
		AC4B431D2C1EE016005FC370 /* SignUp */ = {
			isa = PBXGroup;
			children = (
				AC4B431E2C1EE024005FC370 /* SignUpViewController.swift */,
				AC4B43202C1EE02C005FC370 /* SignUpView.swift */,
			);
			path = SignUp;
			sourceTree = "<group>";
		};
		AC4B43222C2067A5005FC370 /* Model */ = {
			isa = PBXGroup;
			children = (
				AC4B43232C206839005FC370 /* LocationKR.swift */,
			);
			path = Model;
			sourceTree = "<group>";
		};
		AC4B43252C2072BE005FC370 /* CustomView */ = {
			isa = PBXGroup;
			children = (
				AC4B43262C2072E2005FC370 /* DropdownView.swift */,
			);
			path = CustomView;
			sourceTree = "<group>";
		};
		AC5A7BE52BF0FDB500A13991 = {
			isa = PBXGroup;
			children = (
				AC5A7BF02BF0FDB500A13991 /* YouthTalkTalk */,
				AC5A7C072BF0FDB700A13991 /* YouthTalkTalkTests */,
				AC5A7C112BF0FDB700A13991 /* YouthTalkTalkUITests */,
				AC5A7BEF2BF0FDB500A13991 /* Products */,
			);
			sourceTree = "<group>";
		};
		AC5A7BEF2BF0FDB500A13991 /* Products */ = {
			isa = PBXGroup;
			children = (
				AC5A7BEE2BF0FDB500A13991 /* YouthTalkTalk.app */,
				AC5A7C042BF0FDB700A13991 /* YouthTalkTalkTests.xctest */,
				AC5A7C0E2BF0FDB700A13991 /* YouthTalkTalkUITests.xctest */,
			);
			name = Products;
			sourceTree = "<group>";
		};
		AC5A7BF02BF0FDB500A13991 /* YouthTalkTalk */ = {
			isa = PBXGroup;
			children = (
				AC4B43252C2072BE005FC370 /* CustomView */,
				AC4B43012C1998DF005FC370 /* YouthTalkTalk.entitlements */,
				AC4B43042C1B125C005FC370 /* Interface */,
				AC4B43222C2067A5005FC370 /* Model */,
				AC4B430C2C1B14AE005FC370 /* ViewModel */,
				AC4B42E92C189038005FC370 /* Font */,
				AC4B42E42C183F81005FC370 /* Extension */,
				AC4B42E12C183B1F005FC370 /* Util */,
				AC5A7C282BF1081F00A13991 /* Coordinator */,
				AC5A7C222BF1015800A13991 /* Present */,
				AC5A7C232BF102B800A13991 /* Base */,
				AC5A7C212BF100A600A13991 /* App */,
			);
			path = YouthTalkTalk;
			sourceTree = "<group>";
		};
		AC5A7C072BF0FDB700A13991 /* YouthTalkTalkTests */ = {
			isa = PBXGroup;
			children = (
				AC5A7C082BF0FDB700A13991 /* YouthTalkTalkTests.swift */,
			);
			path = YouthTalkTalkTests;
			sourceTree = "<group>";
		};
		AC5A7C112BF0FDB700A13991 /* YouthTalkTalkUITests */ = {
			isa = PBXGroup;
			children = (
				AC5A7C122BF0FDB700A13991 /* YouthTalkTalkUITests.swift */,
				AC5A7C142BF0FDB700A13991 /* YouthTalkTalkUITestsLaunchTests.swift */,
			);
			path = YouthTalkTalkUITests;
			sourceTree = "<group>";
		};
		AC5A7C212BF100A600A13991 /* App */ = {
			isa = PBXGroup;
			children = (
				AC5A7BFA2BF0FDB600A13991 /* Assets.xcassets */,
				AC5A7BFC2BF0FDB600A13991 /* LaunchScreen.storyboard */,
				AC5A7BFF2BF0FDB600A13991 /* Info.plist */,
				AC5A7BF12BF0FDB500A13991 /* AppDelegate.swift */,
				AC5A7BF32BF0FDB500A13991 /* SceneDelegate.swift */,
			);
			path = App;
			sourceTree = "<group>";
		};
		AC5A7C222BF1015800A13991 /* Present */ = {
			isa = PBXGroup;
			children = (
				AC4B431D2C1EE016005FC370 /* SignUp */,
				AC4B43142C1D702B005FC370 /* Terms */,
				AC4B42FC2C196FEB005FC370 /* SignIn */,
			);
			path = Present;
			sourceTree = "<group>";
		};
		AC5A7C232BF102B800A13991 /* Base */ = {
			isa = PBXGroup;
			children = (
				AC5A7C262BF102E900A13991 /* BaseView.swift */,
				AC5A7C242BF102D600A13991 /* BaseViewController.swift */,
			);
			path = Base;
			sourceTree = "<group>";
		};
		AC5A7C282BF1081F00A13991 /* Coordinator */ = {
			isa = PBXGroup;
			children = (
				AC5A7C292BF108AF00A13991 /* Coordinator.swift */,
				AC5A7C2D2BF10BEE00A13991 /* AppCoordinator.swift */,
				AC5A7C2B2BF1093B00A13991 /* CoordinatorType.swift */,
			);
			path = Coordinator;
			sourceTree = "<group>";
		};
/* End PBXGroup section */

/* Begin PBXNativeTarget section */
		AC5A7BED2BF0FDB500A13991 /* YouthTalkTalk */ = {
			isa = PBXNativeTarget;
			buildConfigurationList = AC5A7C182BF0FDB700A13991 /* Build configuration list for PBXNativeTarget "YouthTalkTalk" */;
			buildPhases = (
				AC5A7BEA2BF0FDB500A13991 /* Sources */,
				AC5A7BEB2BF0FDB500A13991 /* Frameworks */,
				AC5A7BEC2BF0FDB500A13991 /* Resources */,
			);
			buildRules = (
			);
			dependencies = (
			);
			name = YouthTalkTalk;
			packageProductDependencies = (
				AC4B42DC2C183AF4005FC370 /* PinLayout */,
				AC4B42DF2C183B05005FC370 /* FlexLayout */,
				AC4B43082C1B147F005FC370 /* RxCocoa */,
				AC4B430A2C1B147F005FC370 /* RxSwift */,
			);
			productName = YouthTalkTalk;
			productReference = AC5A7BEE2BF0FDB500A13991 /* YouthTalkTalk.app */;
			productType = "com.apple.product-type.application";
		};
		AC5A7C032BF0FDB700A13991 /* YouthTalkTalkTests */ = {
			isa = PBXNativeTarget;
			buildConfigurationList = AC5A7C1B2BF0FDB700A13991 /* Build configuration list for PBXNativeTarget "YouthTalkTalkTests" */;
			buildPhases = (
				AC5A7C002BF0FDB700A13991 /* Sources */,
				AC5A7C012BF0FDB700A13991 /* Frameworks */,
				AC5A7C022BF0FDB700A13991 /* Resources */,
			);
			buildRules = (
			);
			dependencies = (
				AC5A7C062BF0FDB700A13991 /* PBXTargetDependency */,
			);
			name = YouthTalkTalkTests;
			productName = YouthTalkTalkTests;
			productReference = AC5A7C042BF0FDB700A13991 /* YouthTalkTalkTests.xctest */;
			productType = "com.apple.product-type.bundle.unit-test";
		};
		AC5A7C0D2BF0FDB700A13991 /* YouthTalkTalkUITests */ = {
			isa = PBXNativeTarget;
			buildConfigurationList = AC5A7C1E2BF0FDB700A13991 /* Build configuration list for PBXNativeTarget "YouthTalkTalkUITests" */;
			buildPhases = (
				AC5A7C0A2BF0FDB700A13991 /* Sources */,
				AC5A7C0B2BF0FDB700A13991 /* Frameworks */,
				AC5A7C0C2BF0FDB700A13991 /* Resources */,
			);
			buildRules = (
			);
			dependencies = (
				AC5A7C102BF0FDB700A13991 /* PBXTargetDependency */,
			);
			name = YouthTalkTalkUITests;
			productName = YouthTalkTalkUITests;
			productReference = AC5A7C0E2BF0FDB700A13991 /* YouthTalkTalkUITests.xctest */;
			productType = "com.apple.product-type.bundle.ui-testing";
		};
/* End PBXNativeTarget section */

/* Begin PBXProject section */
		AC5A7BE62BF0FDB500A13991 /* Project object */ = {
			isa = PBXProject;
			attributes = {
				BuildIndependentTargetsInParallel = 1;
				LastSwiftUpdateCheck = 1530;
				LastUpgradeCheck = 1530;
				TargetAttributes = {
					AC5A7BED2BF0FDB500A13991 = {
						CreatedOnToolsVersion = 15.3;
					};
					AC5A7C032BF0FDB700A13991 = {
						CreatedOnToolsVersion = 15.3;
						TestTargetID = AC5A7BED2BF0FDB500A13991;
					};
					AC5A7C0D2BF0FDB700A13991 = {
						CreatedOnToolsVersion = 15.3;
						TestTargetID = AC5A7BED2BF0FDB500A13991;
					};
				};
			};
			buildConfigurationList = AC5A7BE92BF0FDB500A13991 /* Build configuration list for PBXProject "YouthTalkTalk" */;
			compatibilityVersion = "Xcode 14.0";
			developmentRegion = en;
			hasScannedForEncodings = 0;
			knownRegions = (
				en,
				Base,
			);
			mainGroup = AC5A7BE52BF0FDB500A13991;
			packageReferences = (
				AC4B42DB2C183AF4005FC370 /* XCRemoteSwiftPackageReference "PinLayout" */,
				AC4B42DE2C183B05005FC370 /* XCRemoteSwiftPackageReference "FlexLayout" */,
				AC4B43072C1B147F005FC370 /* XCRemoteSwiftPackageReference "RxSwift" */,
			);
			productRefGroup = AC5A7BEF2BF0FDB500A13991 /* Products */;
			projectDirPath = "";
			projectRoot = "";
			targets = (
				AC5A7BED2BF0FDB500A13991 /* YouthTalkTalk */,
				AC5A7C032BF0FDB700A13991 /* YouthTalkTalkTests */,
				AC5A7C0D2BF0FDB700A13991 /* YouthTalkTalkUITests */,
			);
		};
/* End PBXProject section */

/* Begin PBXResourcesBuildPhase section */
		AC5A7BEC2BF0FDB500A13991 /* Resources */ = {
			isa = PBXResourcesBuildPhase;
			buildActionMask = 2147483647;
			files = (
				AC5A7BFB2BF0FDB600A13991 /* Assets.xcassets in Resources */,
				AC5A7BFE2BF0FDB600A13991 /* Base in Resources */,
				AC4B42F52C18904F005FC370 /* Pretendard-Regular.otf in Resources */,
				AC4B42F42C18904F005FC370 /* Pretendard-SemiBold.otf in Resources */,
				AC4B42F92C18904F005FC370 /* Pretendard-Bold.otf in Resources */,
			);
			runOnlyForDeploymentPostprocessing = 0;
		};
		AC5A7C022BF0FDB700A13991 /* Resources */ = {
			isa = PBXResourcesBuildPhase;
			buildActionMask = 2147483647;
			files = (
			);
			runOnlyForDeploymentPostprocessing = 0;
		};
		AC5A7C0C2BF0FDB700A13991 /* Resources */ = {
			isa = PBXResourcesBuildPhase;
			buildActionMask = 2147483647;
			files = (
			);
			runOnlyForDeploymentPostprocessing = 0;
		};
/* End PBXResourcesBuildPhase section */

/* Begin PBXSourcesBuildPhase section */
		AC5A7BEA2BF0FDB500A13991 /* Sources */ = {
			isa = PBXSourcesBuildPhase;
			buildActionMask = 2147483647;
			files = (
				AC4B43162C1D7036005FC370 /* TermsView.swift in Sources */,
				AC4B43242C206839005FC370 /* LocationKR.swift in Sources */,
				AC4B431C2C1EBAC2005FC370 /* UIButton++.swift in Sources */,
				AC4B43122C1C9027005FC370 /* FontColor.swift in Sources */,
				AC5A7C2C2BF1093B00A13991 /* CoordinatorType.swift in Sources */,
				AC4B42E62C183F8F005FC370 /* UILabel++.swift in Sources */,
				AC4B431A2C1EB6E6005FC370 /* FontManager.swift in Sources */,
				AC5A7C252BF102D600A13991 /* BaseViewController.swift in Sources */,
				AC4B43102C1C900D005FC370 /* FontType.swift in Sources */,
				AC5A7C2A2BF108AF00A13991 /* Coordinator.swift in Sources */,
				AC4B43032C19C829005FC370 /* Flex++.swift in Sources */,
				AC4B43212C1EE02C005FC370 /* SignUpView.swift in Sources */,
				AC5A7C2E2BF10BEE00A13991 /* AppCoordinator.swift in Sources */,
				AC4B43062C1B141F005FC370 /* ViewModelInterface.swift in Sources */,
				AC4B430E2C1B14D1005FC370 /* SignInViewModel.swift in Sources */,
				AC5A7C272BF102E900A13991 /* BaseView.swift in Sources */,
				AC4B431F2C1EE024005FC370 /* SignUpViewController.swift in Sources */,
				AC4B43272C2072E2005FC370 /* DropdownView.swift in Sources */,
				AC5A7BF22BF0FDB500A13991 /* AppDelegate.swift in Sources */,
				ACF2A25E2C21533B00FE8D63 /* UITextField++.swift in Sources */,
				AC4B43182C1D7041005FC370 /* TermsViewController.swift in Sources */,
				AC4B42FE2C196FF8005FC370 /* SignInViewController.swift in Sources */,
				AC4B43002C197015005FC370 /* SignInView.swift in Sources */,
				AC5A7BF42BF0FDB500A13991 /* SceneDelegate.swift in Sources */,
			);
			runOnlyForDeploymentPostprocessing = 0;
		};
		AC5A7C002BF0FDB700A13991 /* Sources */ = {
			isa = PBXSourcesBuildPhase;
			buildActionMask = 2147483647;
			files = (
				AC5A7C092BF0FDB700A13991 /* YouthTalkTalkTests.swift in Sources */,
			);
			runOnlyForDeploymentPostprocessing = 0;
		};
		AC5A7C0A2BF0FDB700A13991 /* Sources */ = {
			isa = PBXSourcesBuildPhase;
			buildActionMask = 2147483647;
			files = (
				AC5A7C152BF0FDB700A13991 /* YouthTalkTalkUITestsLaunchTests.swift in Sources */,
				AC5A7C132BF0FDB700A13991 /* YouthTalkTalkUITests.swift in Sources */,
			);
			runOnlyForDeploymentPostprocessing = 0;
		};
/* End PBXSourcesBuildPhase section */

/* Begin PBXTargetDependency section */
		AC5A7C062BF0FDB700A13991 /* PBXTargetDependency */ = {
			isa = PBXTargetDependency;
			target = AC5A7BED2BF0FDB500A13991 /* YouthTalkTalk */;
			targetProxy = AC5A7C052BF0FDB700A13991 /* PBXContainerItemProxy */;
		};
		AC5A7C102BF0FDB700A13991 /* PBXTargetDependency */ = {
			isa = PBXTargetDependency;
			target = AC5A7BED2BF0FDB500A13991 /* YouthTalkTalk */;
			targetProxy = AC5A7C0F2BF0FDB700A13991 /* PBXContainerItemProxy */;
		};
/* End PBXTargetDependency section */

/* Begin PBXVariantGroup section */
		AC5A7BFC2BF0FDB600A13991 /* LaunchScreen.storyboard */ = {
			isa = PBXVariantGroup;
			children = (
				AC5A7BFD2BF0FDB600A13991 /* Base */,
			);
			name = LaunchScreen.storyboard;
			sourceTree = "<group>";
		};
/* End PBXVariantGroup section */

/* Begin XCBuildConfiguration section */
		AC5A7C162BF0FDB700A13991 /* Debug */ = {
			isa = XCBuildConfiguration;
			buildSettings = {
				ALWAYS_SEARCH_USER_PATHS = NO;
				ASSETCATALOG_COMPILER_GENERATE_SWIFT_ASSET_SYMBOL_EXTENSIONS = YES;
				CLANG_ANALYZER_NONNULL = YES;
				CLANG_ANALYZER_NUMBER_OBJECT_CONVERSION = YES_AGGRESSIVE;
				CLANG_CXX_LANGUAGE_STANDARD = "gnu++20";
				CLANG_ENABLE_MODULES = YES;
				CLANG_ENABLE_OBJC_ARC = YES;
				CLANG_ENABLE_OBJC_WEAK = YES;
				CLANG_WARN_BLOCK_CAPTURE_AUTORELEASING = YES;
				CLANG_WARN_BOOL_CONVERSION = YES;
				CLANG_WARN_COMMA = YES;
				CLANG_WARN_CONSTANT_CONVERSION = YES;
				CLANG_WARN_DEPRECATED_OBJC_IMPLEMENTATIONS = YES;
				CLANG_WARN_DIRECT_OBJC_ISA_USAGE = YES_ERROR;
				CLANG_WARN_DOCUMENTATION_COMMENTS = YES;
				CLANG_WARN_EMPTY_BODY = YES;
				CLANG_WARN_ENUM_CONVERSION = YES;
				CLANG_WARN_INFINITE_RECURSION = YES;
				CLANG_WARN_INT_CONVERSION = YES;
				CLANG_WARN_NON_LITERAL_NULL_CONVERSION = YES;
				CLANG_WARN_OBJC_IMPLICIT_RETAIN_SELF = YES;
				CLANG_WARN_OBJC_LITERAL_CONVERSION = YES;
				CLANG_WARN_OBJC_ROOT_CLASS = YES_ERROR;
				CLANG_WARN_QUOTED_INCLUDE_IN_FRAMEWORK_HEADER = YES;
				CLANG_WARN_RANGE_LOOP_ANALYSIS = YES;
				CLANG_WARN_STRICT_PROTOTYPES = YES;
				CLANG_WARN_SUSPICIOUS_MOVE = YES;
				CLANG_WARN_UNGUARDED_AVAILABILITY = YES_AGGRESSIVE;
				CLANG_WARN_UNREACHABLE_CODE = YES;
				CLANG_WARN__DUPLICATE_METHOD_MATCH = YES;
				COPY_PHASE_STRIP = NO;
				DEBUG_INFORMATION_FORMAT = dwarf;
				ENABLE_STRICT_OBJC_MSGSEND = YES;
				ENABLE_TESTABILITY = YES;
				ENABLE_USER_SCRIPT_SANDBOXING = YES;
				GCC_C_LANGUAGE_STANDARD = gnu17;
				GCC_DYNAMIC_NO_PIC = NO;
				GCC_NO_COMMON_BLOCKS = YES;
				GCC_OPTIMIZATION_LEVEL = 0;
				GCC_PREPROCESSOR_DEFINITIONS = (
					"DEBUG=1",
					"$(inherited)",
				);
				GCC_WARN_64_TO_32_BIT_CONVERSION = YES;
				GCC_WARN_ABOUT_RETURN_TYPE = YES_ERROR;
				GCC_WARN_UNDECLARED_SELECTOR = YES;
				GCC_WARN_UNINITIALIZED_AUTOS = YES_AGGRESSIVE;
				GCC_WARN_UNUSED_FUNCTION = YES;
				GCC_WARN_UNUSED_VARIABLE = YES;
				IPHONEOS_DEPLOYMENT_TARGET = 17.4;
				LOCALIZATION_PREFERS_STRING_CATALOGS = YES;
				MTL_ENABLE_DEBUG_INFO = INCLUDE_SOURCE;
				MTL_FAST_MATH = YES;
				ONLY_ACTIVE_ARCH = YES;
				SDKROOT = iphoneos;
				SWIFT_ACTIVE_COMPILATION_CONDITIONS = "DEBUG $(inherited)";
				SWIFT_OPTIMIZATION_LEVEL = "-Onone";
			};
			name = Debug;
		};
		AC5A7C172BF0FDB700A13991 /* Release */ = {
			isa = XCBuildConfiguration;
			buildSettings = {
				ALWAYS_SEARCH_USER_PATHS = NO;
				ASSETCATALOG_COMPILER_GENERATE_SWIFT_ASSET_SYMBOL_EXTENSIONS = YES;
				CLANG_ANALYZER_NONNULL = YES;
				CLANG_ANALYZER_NUMBER_OBJECT_CONVERSION = YES_AGGRESSIVE;
				CLANG_CXX_LANGUAGE_STANDARD = "gnu++20";
				CLANG_ENABLE_MODULES = YES;
				CLANG_ENABLE_OBJC_ARC = YES;
				CLANG_ENABLE_OBJC_WEAK = YES;
				CLANG_WARN_BLOCK_CAPTURE_AUTORELEASING = YES;
				CLANG_WARN_BOOL_CONVERSION = YES;
				CLANG_WARN_COMMA = YES;
				CLANG_WARN_CONSTANT_CONVERSION = YES;
				CLANG_WARN_DEPRECATED_OBJC_IMPLEMENTATIONS = YES;
				CLANG_WARN_DIRECT_OBJC_ISA_USAGE = YES_ERROR;
				CLANG_WARN_DOCUMENTATION_COMMENTS = YES;
				CLANG_WARN_EMPTY_BODY = YES;
				CLANG_WARN_ENUM_CONVERSION = YES;
				CLANG_WARN_INFINITE_RECURSION = YES;
				CLANG_WARN_INT_CONVERSION = YES;
				CLANG_WARN_NON_LITERAL_NULL_CONVERSION = YES;
				CLANG_WARN_OBJC_IMPLICIT_RETAIN_SELF = YES;
				CLANG_WARN_OBJC_LITERAL_CONVERSION = YES;
				CLANG_WARN_OBJC_ROOT_CLASS = YES_ERROR;
				CLANG_WARN_QUOTED_INCLUDE_IN_FRAMEWORK_HEADER = YES;
				CLANG_WARN_RANGE_LOOP_ANALYSIS = YES;
				CLANG_WARN_STRICT_PROTOTYPES = YES;
				CLANG_WARN_SUSPICIOUS_MOVE = YES;
				CLANG_WARN_UNGUARDED_AVAILABILITY = YES_AGGRESSIVE;
				CLANG_WARN_UNREACHABLE_CODE = YES;
				CLANG_WARN__DUPLICATE_METHOD_MATCH = YES;
				COPY_PHASE_STRIP = NO;
				DEBUG_INFORMATION_FORMAT = "dwarf-with-dsym";
				ENABLE_NS_ASSERTIONS = NO;
				ENABLE_STRICT_OBJC_MSGSEND = YES;
				ENABLE_USER_SCRIPT_SANDBOXING = YES;
				GCC_C_LANGUAGE_STANDARD = gnu17;
				GCC_NO_COMMON_BLOCKS = YES;
				GCC_WARN_64_TO_32_BIT_CONVERSION = YES;
				GCC_WARN_ABOUT_RETURN_TYPE = YES_ERROR;
				GCC_WARN_UNDECLARED_SELECTOR = YES;
				GCC_WARN_UNINITIALIZED_AUTOS = YES_AGGRESSIVE;
				GCC_WARN_UNUSED_FUNCTION = YES;
				GCC_WARN_UNUSED_VARIABLE = YES;
				IPHONEOS_DEPLOYMENT_TARGET = 17.4;
				LOCALIZATION_PREFERS_STRING_CATALOGS = YES;
				MTL_ENABLE_DEBUG_INFO = NO;
				MTL_FAST_MATH = YES;
				SDKROOT = iphoneos;
				SWIFT_COMPILATION_MODE = wholemodule;
				VALIDATE_PRODUCT = YES;
			};
			name = Release;
		};
		AC5A7C192BF0FDB700A13991 /* Debug */ = {
			isa = XCBuildConfiguration;
			buildSettings = {
				ASSETCATALOG_COMPILER_APPICON_NAME = AppIcon;
				ASSETCATALOG_COMPILER_GLOBAL_ACCENT_COLOR_NAME = AccentColor;
				CODE_SIGN_ENTITLEMENTS = YouthTalkTalk/YouthTalkTalk.entitlements;
				CODE_SIGN_STYLE = Automatic;
				CURRENT_PROJECT_VERSION = 1;
				DEVELOPMENT_TEAM = 92Y6UC7Q5M;
				GENERATE_INFOPLIST_FILE = YES;
				INFOPLIST_FILE = YouthTalkTalk/App/Info.plist;
				INFOPLIST_KEY_UIApplicationSupportsIndirectInputEvents = YES;
				INFOPLIST_KEY_UILaunchStoryboardName = LaunchScreen;
				INFOPLIST_KEY_UISupportedInterfaceOrientations_iPad = "UIInterfaceOrientationPortrait UIInterfaceOrientationPortraitUpsideDown UIInterfaceOrientationLandscapeLeft UIInterfaceOrientationLandscapeRight";
				INFOPLIST_KEY_UISupportedInterfaceOrientations_iPhone = "UIInterfaceOrientationPortrait UIInterfaceOrientationLandscapeLeft UIInterfaceOrientationLandscapeRight";
				LD_RUNPATH_SEARCH_PATHS = (
					"$(inherited)",
					"@executable_path/Frameworks",
				);
				MARKETING_VERSION = 1.0;
				PRODUCT_BUNDLE_IDENTIFIER = com.donotinto.YouthTalkTalk;
				PRODUCT_NAME = "$(TARGET_NAME)";
				SWIFT_EMIT_LOC_STRINGS = YES;
				SWIFT_VERSION = 5.0;
				TARGETED_DEVICE_FAMILY = "1,2";
			};
			name = Debug;
		};
		AC5A7C1A2BF0FDB700A13991 /* Release */ = {
			isa = XCBuildConfiguration;
			buildSettings = {
				ASSETCATALOG_COMPILER_APPICON_NAME = AppIcon;
				ASSETCATALOG_COMPILER_GLOBAL_ACCENT_COLOR_NAME = AccentColor;
				CODE_SIGN_ENTITLEMENTS = YouthTalkTalk/YouthTalkTalk.entitlements;
				CODE_SIGN_STYLE = Automatic;
				CURRENT_PROJECT_VERSION = 1;
				DEVELOPMENT_TEAM = 92Y6UC7Q5M;
				GENERATE_INFOPLIST_FILE = YES;
				INFOPLIST_FILE = YouthTalkTalk/App/Info.plist;
				INFOPLIST_KEY_UIApplicationSupportsIndirectInputEvents = YES;
				INFOPLIST_KEY_UILaunchStoryboardName = LaunchScreen;
				INFOPLIST_KEY_UISupportedInterfaceOrientations_iPad = "UIInterfaceOrientationPortrait UIInterfaceOrientationPortraitUpsideDown UIInterfaceOrientationLandscapeLeft UIInterfaceOrientationLandscapeRight";
				INFOPLIST_KEY_UISupportedInterfaceOrientations_iPhone = "UIInterfaceOrientationPortrait UIInterfaceOrientationLandscapeLeft UIInterfaceOrientationLandscapeRight";
				LD_RUNPATH_SEARCH_PATHS = (
					"$(inherited)",
					"@executable_path/Frameworks",
				);
				MARKETING_VERSION = 1.0;
				PRODUCT_BUNDLE_IDENTIFIER = com.donotinto.YouthTalkTalk;
				PRODUCT_NAME = "$(TARGET_NAME)";
				SWIFT_EMIT_LOC_STRINGS = YES;
				SWIFT_VERSION = 5.0;
				TARGETED_DEVICE_FAMILY = "1,2";
			};
			name = Release;
		};
		AC5A7C1C2BF0FDB700A13991 /* Debug */ = {
			isa = XCBuildConfiguration;
			buildSettings = {
				ALWAYS_EMBED_SWIFT_STANDARD_LIBRARIES = YES;
				BUNDLE_LOADER = "$(TEST_HOST)";
				CODE_SIGN_STYLE = Automatic;
				CURRENT_PROJECT_VERSION = 1;
				DEVELOPMENT_TEAM = 92Y6UC7Q5M;
				GENERATE_INFOPLIST_FILE = YES;
				IPHONEOS_DEPLOYMENT_TARGET = 17.4;
				MARKETING_VERSION = 1.0;
				PRODUCT_BUNDLE_IDENTIFIER = com.donotinto.YouthTalkTalkTests;
				PRODUCT_NAME = "$(TARGET_NAME)";
				SWIFT_EMIT_LOC_STRINGS = NO;
				SWIFT_VERSION = 5.0;
				TARGETED_DEVICE_FAMILY = "1,2";
				TEST_HOST = "$(BUILT_PRODUCTS_DIR)/YouthTalkTalk.app/$(BUNDLE_EXECUTABLE_FOLDER_PATH)/YouthTalkTalk";
			};
			name = Debug;
		};
		AC5A7C1D2BF0FDB700A13991 /* Release */ = {
			isa = XCBuildConfiguration;
			buildSettings = {
				ALWAYS_EMBED_SWIFT_STANDARD_LIBRARIES = YES;
				BUNDLE_LOADER = "$(TEST_HOST)";
				CODE_SIGN_STYLE = Automatic;
				CURRENT_PROJECT_VERSION = 1;
				DEVELOPMENT_TEAM = 92Y6UC7Q5M;
				GENERATE_INFOPLIST_FILE = YES;
				IPHONEOS_DEPLOYMENT_TARGET = 17.4;
				MARKETING_VERSION = 1.0;
				PRODUCT_BUNDLE_IDENTIFIER = com.donotinto.YouthTalkTalkTests;
				PRODUCT_NAME = "$(TARGET_NAME)";
				SWIFT_EMIT_LOC_STRINGS = NO;
				SWIFT_VERSION = 5.0;
				TARGETED_DEVICE_FAMILY = "1,2";
				TEST_HOST = "$(BUILT_PRODUCTS_DIR)/YouthTalkTalk.app/$(BUNDLE_EXECUTABLE_FOLDER_PATH)/YouthTalkTalk";
			};
			name = Release;
		};
		AC5A7C1F2BF0FDB700A13991 /* Debug */ = {
			isa = XCBuildConfiguration;
			buildSettings = {
				ALWAYS_EMBED_SWIFT_STANDARD_LIBRARIES = YES;
				CODE_SIGN_STYLE = Automatic;
				CURRENT_PROJECT_VERSION = 1;
				DEVELOPMENT_TEAM = 92Y6UC7Q5M;
				GENERATE_INFOPLIST_FILE = YES;
				MARKETING_VERSION = 1.0;
				PRODUCT_BUNDLE_IDENTIFIER = com.donotinto.YouthTalkTalkUITests;
				PRODUCT_NAME = "$(TARGET_NAME)";
				SWIFT_EMIT_LOC_STRINGS = NO;
				SWIFT_VERSION = 5.0;
				TARGETED_DEVICE_FAMILY = "1,2";
				TEST_TARGET_NAME = YouthTalkTalk;
			};
			name = Debug;
		};
		AC5A7C202BF0FDB700A13991 /* Release */ = {
			isa = XCBuildConfiguration;
			buildSettings = {
				ALWAYS_EMBED_SWIFT_STANDARD_LIBRARIES = YES;
				CODE_SIGN_STYLE = Automatic;
				CURRENT_PROJECT_VERSION = 1;
				DEVELOPMENT_TEAM = 92Y6UC7Q5M;
				GENERATE_INFOPLIST_FILE = YES;
				MARKETING_VERSION = 1.0;
				PRODUCT_BUNDLE_IDENTIFIER = com.donotinto.YouthTalkTalkUITests;
				PRODUCT_NAME = "$(TARGET_NAME)";
				SWIFT_EMIT_LOC_STRINGS = NO;
				SWIFT_VERSION = 5.0;
				TARGETED_DEVICE_FAMILY = "1,2";
				TEST_TARGET_NAME = YouthTalkTalk;
			};
			name = Release;
		};
/* End XCBuildConfiguration section */

/* Begin XCConfigurationList section */
		AC5A7BE92BF0FDB500A13991 /* Build configuration list for PBXProject "YouthTalkTalk" */ = {
			isa = XCConfigurationList;
			buildConfigurations = (
				AC5A7C162BF0FDB700A13991 /* Debug */,
				AC5A7C172BF0FDB700A13991 /* Release */,
			);
			defaultConfigurationIsVisible = 0;
			defaultConfigurationName = Release;
		};
		AC5A7C182BF0FDB700A13991 /* Build configuration list for PBXNativeTarget "YouthTalkTalk" */ = {
			isa = XCConfigurationList;
			buildConfigurations = (
				AC5A7C192BF0FDB700A13991 /* Debug */,
				AC5A7C1A2BF0FDB700A13991 /* Release */,
			);
			defaultConfigurationIsVisible = 0;
			defaultConfigurationName = Release;
		};
		AC5A7C1B2BF0FDB700A13991 /* Build configuration list for PBXNativeTarget "YouthTalkTalkTests" */ = {
			isa = XCConfigurationList;
			buildConfigurations = (
				AC5A7C1C2BF0FDB700A13991 /* Debug */,
				AC5A7C1D2BF0FDB700A13991 /* Release */,
			);
			defaultConfigurationIsVisible = 0;
			defaultConfigurationName = Release;
		};
		AC5A7C1E2BF0FDB700A13991 /* Build configuration list for PBXNativeTarget "YouthTalkTalkUITests" */ = {
			isa = XCConfigurationList;
			buildConfigurations = (
				AC5A7C1F2BF0FDB700A13991 /* Debug */,
				AC5A7C202BF0FDB700A13991 /* Release */,
			);
			defaultConfigurationIsVisible = 0;
			defaultConfigurationName = Release;
		};
/* End XCConfigurationList section */

/* Begin XCRemoteSwiftPackageReference section */
		AC4B42DB2C183AF4005FC370 /* XCRemoteSwiftPackageReference "PinLayout" */ = {
			isa = XCRemoteSwiftPackageReference;
			repositoryURL = "https://github.com/layoutBox/PinLayout.git";
			requirement = {
				kind = upToNextMajorVersion;
				minimumVersion = 1.10.5;
			};
		};
		AC4B42DE2C183B05005FC370 /* XCRemoteSwiftPackageReference "FlexLayout" */ = {
			isa = XCRemoteSwiftPackageReference;
			repositoryURL = "https://github.com/layoutBox/FlexLayout.git";
			requirement = {
				kind = upToNextMajorVersion;
				minimumVersion = 2.0.7;
			};
		};
		AC4B43072C1B147F005FC370 /* XCRemoteSwiftPackageReference "RxSwift" */ = {
			isa = XCRemoteSwiftPackageReference;
			repositoryURL = "https://github.com/ReactiveX/RxSwift.git";
			requirement = {
				kind = upToNextMajorVersion;
				minimumVersion = 6.7.1;
			};
		};
/* End XCRemoteSwiftPackageReference section */

/* Begin XCSwiftPackageProductDependency section */
		AC4B42DC2C183AF4005FC370 /* PinLayout */ = {
			isa = XCSwiftPackageProductDependency;
			package = AC4B42DB2C183AF4005FC370 /* XCRemoteSwiftPackageReference "PinLayout" */;
			productName = PinLayout;
		};
		AC4B42DF2C183B05005FC370 /* FlexLayout */ = {
			isa = XCSwiftPackageProductDependency;
			package = AC4B42DE2C183B05005FC370 /* XCRemoteSwiftPackageReference "FlexLayout" */;
			productName = FlexLayout;
		};
		AC4B43082C1B147F005FC370 /* RxCocoa */ = {
			isa = XCSwiftPackageProductDependency;
			package = AC4B43072C1B147F005FC370 /* XCRemoteSwiftPackageReference "RxSwift" */;
			productName = RxCocoa;
		};
		AC4B430A2C1B147F005FC370 /* RxSwift */ = {
			isa = XCSwiftPackageProductDependency;
			package = AC4B43072C1B147F005FC370 /* XCRemoteSwiftPackageReference "RxSwift" */;
			productName = RxSwift;
		};
/* End XCSwiftPackageProductDependency section */
	};
	rootObject = AC5A7BE62BF0FDB500A13991 /* Project object */;
}
